
Microsoft Visual Studio Solution File, Format Version 12.00
# Visual Studio Version 16
VisualStudioVersion = 16.0.30014.187
MinimumVisualStudioVersion = 10.0.40219.1
Project("{FAE04EC0-301F-11D3-BF4B-00C04F79EFBC}") = "simple_spam", "simple_spam\simple_spam.csproj", "{7FB55BD4-93A7-466D-881D-66BAC29126E6}"
EndProject
Global
	GlobalSection(SolutionConfigurationPlatforms) = preSolution
		Debug|Any CPU = Debug|Any CPU
		Release|Any CPU = Release|Any CPU
	EndGlobalSection
	GlobalSection(ProjectConfigurationPlatforms) = postSolution
		{7FB55BD4-93A7-466D-881D-66BAC29126E6}.Debug|Any CPU.ActiveCfg = Debug|Any CPU
		{7FB55BD4-93A7-466D-881D-66BAC29126E6}.Debug|Any CPU.Build.0 = Debug|Any CPU
		{7FB55BD4-93A7-466D-881D-66BAC29126E6}.Release|Any CPU.ActiveCfg = Release|Any CPU
		{7FB55BD4-93A7-466D-881D-66BAC29126E6}.Release|Any CPU.Build.0 = Release|Any CPU
	EndGlobalSection
	GlobalSection(SolutionProperties) = preSolution
		HideSolutionNode = FALSE
	EndGlobalSection
	GlobalSection(ExtensibilityGlobals) = postSolution
		SolutionGuid = {93205C0B-FD91-4109-9E64-86BDCF6B6F45}
	EndGlobalSection
EndGlobal
